
Microsoft Visual Studio Solution File, Format Version 12.00
# Visual Studio Version 17
VisualStudioVersion = 17.0.32002.185
MinimumVisualStudioVersion = 10.0.40219.1
Project("{FAE04EC0-301F-11D3-BF4B-00C04F79EFBC}") = "Primeiro", "Primeiro\Primeiro.csproj", "{ECE0BC92-4331-44F0-B49F-D5CE160EF3E2}"
EndProject
Global
	GlobalSection(SolutionConfigurationPlatforms) = preSolution
		Debug|Any CPU = Debug|Any CPU
		Release|Any CPU = Release|Any CPU
	EndGlobalSection
	GlobalSection(ProjectConfigurationPlatforms) = postSolution
		{ECE0BC92-4331-44F0-B49F-D5CE160EF3E2}.Debug|Any CPU.ActiveCfg = Debug|Any CPU
		{ECE0BC92-4331-44F0-B49F-D5CE160EF3E2}.Debug|Any CPU.Build.0 = Debug|Any CPU
		{ECE0BC92-4331-44F0-B49F-D5CE160EF3E2}.Release|Any CPU.ActiveCfg = Release|Any CPU
		{ECE0BC92-4331-44F0-B49F-D5CE160EF3E2}.Release|Any CPU.Build.0 = Release|Any CPU
	EndGlobalSection
	GlobalSection(SolutionProperties) = preSolution
		HideSolutionNode = FALSE
	EndGlobalSection
	GlobalSection(ExtensibilityGlobals) = postSolution
		SolutionGuid = {BE0B3C08-91FA-4182-B0F9-656C6266C97F}
	EndGlobalSection
EndGlobal
